
Microsoft Visual Studio Solution File, Format Version 12.00
# Visual Studio Version 16
VisualStudioVersion = 16.0.29806.167
MinimumVisualStudioVersion = 10.0.40219.1
Project("{FAE04EC0-301F-11D3-BF4B-00C04F79EFBC}") = "Piceon", "Piceon.csproj", "{86D3A9B6-B9F4-414D-9C3C-6163F0600762}"
EndProject
Project("{FAE04EC0-301F-11D3-BF4B-00C04F79EFBC}") = "Piceon.Tests.MSTest", "..\Piceon.Tests.MSTest\Piceon.Tests.MSTest.csproj", "{741C4529-DADF-4D1F-B602-3FC5DD5C5D82}"
EndProject
Project("{9A19103F-16F7-4668-BE54-9A1E7A4F7556}") = "Piceon.Core", "..\Piceon.Core\Piceon.Core.csproj", "{2E31D878-13A6-42C6-A37D-0B5521987161}"
EndProject
Project("{2150E333-8FDC-42A3-9474-1A3956D46DE8}") = "PythonScripts", "PythonScripts", "{1C53A053-2B24-4365-A5E5-39EE43985C98}"
	ProjectSection(SolutionItems) = preProject
		..\PythonScripts\similar_images.py = ..\PythonScripts\similar_images.py
	EndProjectSection
EndProject
Project("{2150E333-8FDC-42A3-9474-1A3956D46DE8}") = "db", "db", "{D6D1338F-F111-4A25-946F-F538C2A3B480}"
	ProjectSection(SolutionItems) = preProject
		..\PythonScripts\db\db_creator.py = ..\PythonScripts\db\db_creator.py
		..\PythonScripts\db\db_service.py = ..\PythonScripts\db\db_service.py
		..\PythonScripts\db\query_service.py = ..\PythonScripts\db\query_service.py
		..\PythonScripts\db\schemat_bazy.jpg = ..\PythonScripts\db\schemat_bazy.jpg
	EndProjectSection
EndProject
Project("{FAE04EC0-301F-11D3-BF4B-00C04F79EFBC}") = "Launcher", "..\Launcher\Launcher.csproj", "{85FB2255-F51A-4F6E-AB2C-BFDE56820F32}"
EndProject
Global
	GlobalSection(SolutionConfigurationPlatforms) = preSolution
		Debug|Any CPU = Debug|Any CPU
		Debug|ARM = Debug|ARM
		Debug|ARM64 = Debug|ARM64
		Debug|x64 = Debug|x64
		Debug|x86 = Debug|x86
		Release|Any CPU = Release|Any CPU
		Release|ARM = Release|ARM
		Release|ARM64 = Release|ARM64
		Release|x64 = Release|x64
		Release|x86 = Release|x86
	EndGlobalSection
	GlobalSection(ProjectConfigurationPlatforms) = postSolution
		{86D3A9B6-B9F4-414D-9C3C-6163F0600762}.Debug|Any CPU.ActiveCfg = Debug|x86
		{86D3A9B6-B9F4-414D-9C3C-6163F0600762}.Debug|ARM.ActiveCfg = Debug|ARM
		{86D3A9B6-B9F4-414D-9C3C-6163F0600762}.Debug|ARM.Build.0 = Debug|ARM
		{86D3A9B6-B9F4-414D-9C3C-6163F0600762}.Debug|ARM.Deploy.0 = Debug|ARM
		{86D3A9B6-B9F4-414D-9C3C-6163F0600762}.Debug|ARM64.ActiveCfg = Debug|ARM64
		{86D3A9B6-B9F4-414D-9C3C-6163F0600762}.Debug|ARM64.Build.0 = Debug|ARM64
		{86D3A9B6-B9F4-414D-9C3C-6163F0600762}.Debug|ARM64.Deploy.0 = Debug|ARM64
		{86D3A9B6-B9F4-414D-9C3C-6163F0600762}.Debug|x64.ActiveCfg = Debug|x64
		{86D3A9B6-B9F4-414D-9C3C-6163F0600762}.Debug|x64.Build.0 = Debug|x64
		{86D3A9B6-B9F4-414D-9C3C-6163F0600762}.Debug|x64.Deploy.0 = Debug|x64
		{86D3A9B6-B9F4-414D-9C3C-6163F0600762}.Debug|x86.ActiveCfg = Debug|x86
		{86D3A9B6-B9F4-414D-9C3C-6163F0600762}.Debug|x86.Build.0 = Debug|x86
		{86D3A9B6-B9F4-414D-9C3C-6163F0600762}.Debug|x86.Deploy.0 = Debug|x86
		{86D3A9B6-B9F4-414D-9C3C-6163F0600762}.Release|Any CPU.ActiveCfg = Release|x86
		{86D3A9B6-B9F4-414D-9C3C-6163F0600762}.Release|ARM.ActiveCfg = Release|ARM
		{86D3A9B6-B9F4-414D-9C3C-6163F0600762}.Release|ARM.Build.0 = Release|ARM
		{86D3A9B6-B9F4-414D-9C3C-6163F0600762}.Release|ARM.Deploy.0 = Release|ARM
		{86D3A9B6-B9F4-414D-9C3C-6163F0600762}.Release|ARM64.ActiveCfg = Release|ARM64
		{86D3A9B6-B9F4-414D-9C3C-6163F0600762}.Release|ARM64.Build.0 = Release|ARM64
		{86D3A9B6-B9F4-414D-9C3C-6163F0600762}.Release|ARM64.Deploy.0 = Release|ARM64
		{86D3A9B6-B9F4-414D-9C3C-6163F0600762}.Release|x64.ActiveCfg = Release|x64
		{86D3A9B6-B9F4-414D-9C3C-6163F0600762}.Release|x64.Build.0 = Release|x64
		{86D3A9B6-B9F4-414D-9C3C-6163F0600762}.Release|x64.Deploy.0 = Release|x64
		{86D3A9B6-B9F4-414D-9C3C-6163F0600762}.Release|x86.ActiveCfg = Release|x86
		{86D3A9B6-B9F4-414D-9C3C-6163F0600762}.Release|x86.Build.0 = Release|x86
		{86D3A9B6-B9F4-414D-9C3C-6163F0600762}.Release|x86.Deploy.0 = Release|x86
		{741C4529-DADF-4D1F-B602-3FC5DD5C5D82}.Debug|Any CPU.ActiveCfg = Debug|x86
		{741C4529-DADF-4D1F-B602-3FC5DD5C5D82}.Debug|ARM.ActiveCfg = Debug|ARM
		{741C4529-DADF-4D1F-B602-3FC5DD5C5D82}.Debug|ARM.Build.0 = Debug|ARM
		{741C4529-DADF-4D1F-B602-3FC5DD5C5D82}.Debug|ARM.Deploy.0 = Debug|ARM
		{741C4529-DADF-4D1F-B602-3FC5DD5C5D82}.Debug|ARM64.ActiveCfg = Debug|x86
		{741C4529-DADF-4D1F-B602-3FC5DD5C5D82}.Debug|x64.ActiveCfg = Debug|x64
		{741C4529-DADF-4D1F-B602-3FC5DD5C5D82}.Debug|x64.Build.0 = Debug|x64
		{741C4529-DADF-4D1F-B602-3FC5DD5C5D82}.Debug|x64.Deploy.0 = Debug|x64
		{741C4529-DADF-4D1F-B602-3FC5DD5C5D82}.Debug|x86.ActiveCfg = Debug|x86
		{741C4529-DADF-4D1F-B602-3FC5DD5C5D82}.Debug|x86.Build.0 = Debug|x86
		{741C4529-DADF-4D1F-B602-3FC5DD5C5D82}.Debug|x86.Deploy.0 = Debug|x86
		{741C4529-DADF-4D1F-B602-3FC5DD5C5D82}.Release|Any CPU.ActiveCfg = Release|x86
		{741C4529-DADF-4D1F-B602-3FC5DD5C5D82}.Release|ARM.ActiveCfg = Release|ARM
		{741C4529-DADF-4D1F-B602-3FC5DD5C5D82}.Release|ARM.Build.0 = Release|ARM
		{741C4529-DADF-4D1F-B602-3FC5DD5C5D82}.Release|ARM.Deploy.0 = Release|ARM
		{741C4529-DADF-4D1F-B602-3FC5DD5C5D82}.Release|ARM64.ActiveCfg = Release|x86
		{741C4529-DADF-4D1F-B602-3FC5DD5C5D82}.Release|x64.ActiveCfg = Release|x64
		{741C4529-DADF-4D1F-B602-3FC5DD5C5D82}.Release|x64.Build.0 = Release|x64
		{741C4529-DADF-4D1F-B602-3FC5DD5C5D82}.Release|x64.Deploy.0 = Release|x64
		{741C4529-DADF-4D1F-B602-3FC5DD5C5D82}.Release|x86.ActiveCfg = Release|x86
		{741C4529-DADF-4D1F-B602-3FC5DD5C5D82}.Release|x86.Build.0 = Release|x86
		{741C4529-DADF-4D1F-B602-3FC5DD5C5D82}.Release|x86.Deploy.0 = Release|x86
		{2E31D878-13A6-42C6-A37D-0B5521987161}.Debug|Any CPU.ActiveCfg = Debug|Any CPU
		{2E31D878-13A6-42C6-A37D-0B5521987161}.Debug|Any CPU.Build.0 = Debug|Any CPU
		{2E31D878-13A6-42C6-A37D-0B5521987161}.Debug|ARM.ActiveCfg = Debug|Any CPU
		{2E31D878-13A6-42C6-A37D-0B5521987161}.Debug|ARM.Build.0 = Debug|Any CPU
		{2E31D878-13A6-42C6-A37D-0B5521987161}.Debug|ARM64.ActiveCfg = Debug|Any CPU
		{2E31D878-13A6-42C6-A37D-0B5521987161}.Debug|ARM64.Build.0 = Debug|Any CPU
		{2E31D878-13A6-42C6-A37D-0B5521987161}.Debug|x64.ActiveCfg = Debug|Any CPU
		{2E31D878-13A6-42C6-A37D-0B5521987161}.Debug|x64.Build.0 = Debug|Any CPU
		{2E31D878-13A6-42C6-A37D-0B5521987161}.Debug|x86.ActiveCfg = Debug|Any CPU
		{2E31D878-13A6-42C6-A37D-0B5521987161}.Debug|x86.Build.0 = Debug|Any CPU
		{2E31D878-13A6-42C6-A37D-0B5521987161}.Release|Any CPU.ActiveCfg = Release|Any CPU
		{2E31D878-13A6-42C6-A37D-0B5521987161}.Release|Any CPU.Build.0 = Release|Any CPU
		{2E31D878-13A6-42C6-A37D-0B5521987161}.Release|ARM.ActiveCfg = Release|Any CPU
		{2E31D878-13A6-42C6-A37D-0B5521987161}.Release|ARM.Build.0 = Release|Any CPU
		{2E31D878-13A6-42C6-A37D-0B5521987161}.Release|ARM64.ActiveCfg = Release|Any CPU
		{2E31D878-13A6-42C6-A37D-0B5521987161}.Release|ARM64.Build.0 = Release|Any CPU
		{2E31D878-13A6-42C6-A37D-0B5521987161}.Release|x64.ActiveCfg = Release|Any CPU
		{2E31D878-13A6-42C6-A37D-0B5521987161}.Release|x64.Build.0 = Release|Any CPU
		{2E31D878-13A6-42C6-A37D-0B5521987161}.Release|x86.ActiveCfg = Release|Any CPU
		{2E31D878-13A6-42C6-A37D-0B5521987161}.Release|x86.Build.0 = Release|Any CPU
		{85FB2255-F51A-4F6E-AB2C-BFDE56820F32}.Debug|Any CPU.ActiveCfg = Debug|Any CPU
		{85FB2255-F51A-4F6E-AB2C-BFDE56820F32}.Debug|Any CPU.Build.0 = Debug|Any CPU
		{85FB2255-F51A-4F6E-AB2C-BFDE56820F32}.Debug|ARM.ActiveCfg = Debug|Any CPU
		{85FB2255-F51A-4F6E-AB2C-BFDE56820F32}.Debug|ARM.Build.0 = Debug|Any CPU
		{85FB2255-F51A-4F6E-AB2C-BFDE56820F32}.Debug|ARM64.ActiveCfg = Debug|Any CPU
		{85FB2255-F51A-4F6E-AB2C-BFDE56820F32}.Debug|ARM64.Build.0 = Debug|Any CPU
		{85FB2255-F51A-4F6E-AB2C-BFDE56820F32}.Debug|x64.ActiveCfg = Debug|Any CPU
		{85FB2255-F51A-4F6E-AB2C-BFDE56820F32}.Debug|x64.Build.0 = Debug|Any CPU
		{85FB2255-F51A-4F6E-AB2C-BFDE56820F32}.Debug|x86.ActiveCfg = Debug|Any CPU
		{85FB2255-F51A-4F6E-AB2C-BFDE56820F32}.Debug|x86.Build.0 = Debug|Any CPU
		{85FB2255-F51A-4F6E-AB2C-BFDE56820F32}.Release|Any CPU.ActiveCfg = Release|Any CPU
		{85FB2255-F51A-4F6E-AB2C-BFDE56820F32}.Release|Any CPU.Build.0 = Release|Any CPU
		{85FB2255-F51A-4F6E-AB2C-BFDE56820F32}.Release|ARM.ActiveCfg = Release|Any CPU
		{85FB2255-F51A-4F6E-AB2C-BFDE56820F32}.Release|ARM.Build.0 = Release|Any CPU
		{85FB2255-F51A-4F6E-AB2C-BFDE56820F32}.Release|ARM64.ActiveCfg = Release|Any CPU
		{85FB2255-F51A-4F6E-AB2C-BFDE56820F32}.Release|ARM64.Build.0 = Release|Any CPU
		{85FB2255-F51A-4F6E-AB2C-BFDE56820F32}.Release|x64.ActiveCfg = Release|Any CPU
		{85FB2255-F51A-4F6E-AB2C-BFDE56820F32}.Release|x64.Build.0 = Release|Any CPU
		{85FB2255-F51A-4F6E-AB2C-BFDE56820F32}.Release|x86.ActiveCfg = Release|Any CPU
		{85FB2255-F51A-4F6E-AB2C-BFDE56820F32}.Release|x86.Build.0 = Release|Any CPU
	EndGlobalSection
	GlobalSection(SolutionProperties) = preSolution
		HideSolutionNode = FALSE
	EndGlobalSection
	GlobalSection(NestedProjects) = preSolution
		{D6D1338F-F111-4A25-946F-F538C2A3B480} = {1C53A053-2B24-4365-A5E5-39EE43985C98}
	EndGlobalSection
	GlobalSection(ExtensibilityGlobals) = postSolution
		SolutionGuid = {F950D7BA-548F-4E5C-85E0-C063444AADA8}
	EndGlobalSection
EndGlobal
